
Microsoft Visual Studio Solution File, Format Version 12.00
Project("{2150E333-8FDC-42A3-9474-1A3956D46DE8}") = "src", "src", "{55B8513D-6C73-4824-983E-339A2BB8B4F7}"
EndProject
Project("{2150E333-8FDC-42A3-9474-1A3956D46DE8}") = "tests", "tests", "{350824C3-207A-447F-AB9F-5BE23C416A83}"
EndProject
Project("{FAE04EC0-301F-11D3-BF4B-00C04F79EFBC}") = "Charity.Domain", "src\common\Charity.Domain\Charity.Domain.csproj", "{AA99B3FF-9719-4E88-BBD8-A763F2214864}"
EndProject
Project("{FAE04EC0-301F-11D3-BF4B-00C04F79EFBC}") = "Charity.Application", "src\common\Charity.Application\Charity.Application.csproj", "{02A2B88E-3780-4E14-83DC-9DF314CB26FD}"
EndProject
Project("{FAE04EC0-301F-11D3-BF4B-00C04F79EFBC}") = "Charity.Infrastructure", "src\common\Charity.Infrastructure\Charity.Infrastructure.csproj", "{FD0D5875-4D7F-44A0-BD59-0AB6ECBD1922}"
EndProject
Project("{FAE04EC0-301F-11D3-BF4B-00C04F79EFBC}") = "Charity.Migrations", "src\common\Charity.Migrations\Charity.Migrations.csproj", "{DF972C03-9EDA-45F7-A469-A2100BF5DC6F}"
EndProject
Project("{2150E333-8FDC-42A3-9474-1A3956D46DE8}") = "apps", "apps", "{2D644680-0AFB-4FF4-8A35-08B2E56C5EE6}"
EndProject
Project("{2150E333-8FDC-42A3-9474-1A3956D46DE8}") = "common", "common", "{72917A45-2440-4A2D-84CF-A9B84F907490}"
EndProject
Project("{FAE04EC0-301F-11D3-BF4B-00C04F79EFBC}") = "Charity.Api", "src\apps\Charity.Api\Charity.Api.csproj", "{6C9D0678-F1B0-40E3-829A-2F1C55CA96E7}"
EndProject
Project("{FAE04EC0-301F-11D3-BF4B-00C04F79EFBC}") = "Charity.Tests", "tests\Charity.Tests\Charity.Tests.csproj", "{9342E90A-F7B3-4036-8F8D-1E3122ED1869}"
EndProject
Project("{FAE04EC0-301F-11D3-BF4B-00C04F79EFBC}") = "Charity.DbSeeder", "src\apps\Charity.DbSeeder\Charity.DbSeeder.csproj", "{D56A3B49-DDBA-4008-A594-BC7E96DEA699}"
EndProject
Global
	GlobalSection(SolutionConfigurationPlatforms) = preSolution
		Debug|Any CPU = Debug|Any CPU
		Release|Any CPU = Release|Any CPU
	EndGlobalSection
	GlobalSection(NestedProjects) = preSolution
		{2D644680-0AFB-4FF4-8A35-08B2E56C5EE6} = {55B8513D-6C73-4824-983E-339A2BB8B4F7}
		{72917A45-2440-4A2D-84CF-A9B84F907490} = {55B8513D-6C73-4824-983E-339A2BB8B4F7}
		{02A2B88E-3780-4E14-83DC-9DF314CB26FD} = {72917A45-2440-4A2D-84CF-A9B84F907490}
		{AA99B3FF-9719-4E88-BBD8-A763F2214864} = {72917A45-2440-4A2D-84CF-A9B84F907490}
		{FD0D5875-4D7F-44A0-BD59-0AB6ECBD1922} = {72917A45-2440-4A2D-84CF-A9B84F907490}
		{DF972C03-9EDA-45F7-A469-A2100BF5DC6F} = {72917A45-2440-4A2D-84CF-A9B84F907490}
		{6C9D0678-F1B0-40E3-829A-2F1C55CA96E7} = {2D644680-0AFB-4FF4-8A35-08B2E56C5EE6}
		{9342E90A-F7B3-4036-8F8D-1E3122ED1869} = {350824C3-207A-447F-AB9F-5BE23C416A83}
		{D56A3B49-DDBA-4008-A594-BC7E96DEA699} = {2D644680-0AFB-4FF4-8A35-08B2E56C5EE6}
	EndGlobalSection
	GlobalSection(ProjectConfigurationPlatforms) = postSolution
		{AA99B3FF-9719-4E88-BBD8-A763F2214864}.Debug|Any CPU.ActiveCfg = Debug|Any CPU
		{AA99B3FF-9719-4E88-BBD8-A763F2214864}.Debug|Any CPU.Build.0 = Debug|Any CPU
		{AA99B3FF-9719-4E88-BBD8-A763F2214864}.Release|Any CPU.ActiveCfg = Release|Any CPU
		{AA99B3FF-9719-4E88-BBD8-A763F2214864}.Release|Any CPU.Build.0 = Release|Any CPU
		{02A2B88E-3780-4E14-83DC-9DF314CB26FD}.Debug|Any CPU.ActiveCfg = Debug|Any CPU
		{02A2B88E-3780-4E14-83DC-9DF314CB26FD}.Debug|Any CPU.Build.0 = Debug|Any CPU
		{02A2B88E-3780-4E14-83DC-9DF314CB26FD}.Release|Any CPU.ActiveCfg = Release|Any CPU
		{02A2B88E-3780-4E14-83DC-9DF314CB26FD}.Release|Any CPU.Build.0 = Release|Any CPU
		{FD0D5875-4D7F-44A0-BD59-0AB6ECBD1922}.Debug|Any CPU.ActiveCfg = Debug|Any CPU
		{FD0D5875-4D7F-44A0-BD59-0AB6ECBD1922}.Debug|Any CPU.Build.0 = Debug|Any CPU
		{FD0D5875-4D7F-44A0-BD59-0AB6ECBD1922}.Release|Any CPU.ActiveCfg = Release|Any CPU
		{FD0D5875-4D7F-44A0-BD59-0AB6ECBD1922}.Release|Any CPU.Build.0 = Release|Any CPU
		{DF972C03-9EDA-45F7-A469-A2100BF5DC6F}.Debug|Any CPU.ActiveCfg = Debug|Any CPU
		{DF972C03-9EDA-45F7-A469-A2100BF5DC6F}.Debug|Any CPU.Build.0 = Debug|Any CPU
		{DF972C03-9EDA-45F7-A469-A2100BF5DC6F}.Release|Any CPU.ActiveCfg = Release|Any CPU
		{DF972C03-9EDA-45F7-A469-A2100BF5DC6F}.Release|Any CPU.Build.0 = Release|Any CPU
		{6C9D0678-F1B0-40E3-829A-2F1C55CA96E7}.Debug|Any CPU.ActiveCfg = Debug|Any CPU
		{6C9D0678-F1B0-40E3-829A-2F1C55CA96E7}.Debug|Any CPU.Build.0 = Debug|Any CPU
		{6C9D0678-F1B0-40E3-829A-2F1C55CA96E7}.Release|Any CPU.ActiveCfg = Release|Any CPU
		{6C9D0678-F1B0-40E3-829A-2F1C55CA96E7}.Release|Any CPU.Build.0 = Release|Any CPU
		{9342E90A-F7B3-4036-8F8D-1E3122ED1869}.Debug|Any CPU.ActiveCfg = Debug|Any CPU
		{9342E90A-F7B3-4036-8F8D-1E3122ED1869}.Debug|Any CPU.Build.0 = Debug|Any CPU
		{9342E90A-F7B3-4036-8F8D-1E3122ED1869}.Release|Any CPU.ActiveCfg = Release|Any CPU
		{9342E90A-F7B3-4036-8F8D-1E3122ED1869}.Release|Any CPU.Build.0 = Release|Any CPU
		{D56A3B49-DDBA-4008-A594-BC7E96DEA699}.Debug|Any CPU.ActiveCfg = Debug|Any CPU
		{D56A3B49-DDBA-4008-A594-BC7E96DEA699}.Debug|Any CPU.Build.0 = Debug|Any CPU
		{D56A3B49-DDBA-4008-A594-BC7E96DEA699}.Release|Any CPU.ActiveCfg = Release|Any CPU
		{D56A3B49-DDBA-4008-A594-BC7E96DEA699}.Release|Any CPU.Build.0 = Release|Any CPU
	EndGlobalSection
EndGlobal
